<?xml version="1.0" encoding="utf-8"?>
<Project ToolsVersion="4.0" xmlns="http://schemas.microsoft.com/developer/msbuild/2003">
  <ItemGroup>
    <Filter Include="Source Files">
      <UniqueIdentifier>{4FC737F1-C7A5-4376-A066-2A32D752A2FF}</UniqueIdentifier>
      <Extensions>cpp;c;cc;cxx;c++;cppm;ixx;def;odl;idl;hpj;bat;asm;asmx</Extensions>
    </Filter>
    <Filter Include="Header Files">
      <UniqueIdentifier>{93995380-89BD-4b04-88EB-625FBE52EBFB}</UniqueIdentifier>
      <Extensions>h;hh;hpp;hxx;h++;hm;inl;inc;ipp;xsd</Extensions>
    </Filter>
    <Filter Include="Resource Files">
      <UniqueIdentifier>{67DA6AB6-F800-4c08-8B7A-83BB121AAD01}</UniqueIdentifier>
      <Extensions>rc;ico;cur;bmp;dlg;rc2;rct;bin;rgs;gif;jpg;jpeg;jpe;resx;tiff;tif;png;wav;mfcribbon-ms</Extensions>
    </Filter>
    <Filter Include="Source Files\autofit">
      <UniqueIdentifier>{46d08867-7402-49e1-8293-c45aab58a1e1}</UniqueIdentifier>
    </Filter>
    <Filter Include="Source Files\base">
      <UniqueIdentifier>{a7397851-a835-4f20-9d9b-730d8f91baf0}</UniqueIdentifier>
    </Filter>
    <Filter Include="Source Files\bzip2">
      <UniqueIdentifier>{47f3c280-1ebc-4567-aaff-adbd15f65e51}</UniqueIdentifier>
    </Filter>
    <Filter Include="Source Files\cache">
      <UniqueIdentifier>{bd0c3860-7451-4876-8cd5-4bd2d5385d69}</UniqueIdentifier>
    </Filter>
    <Filter Include="Source Files\gzip">
      <UniqueIdentifier>{4f6f2362-bdfc-4e96-b938-dab6e08b79d9}</UniqueIdentifier>
    </Filter>
    <Filter Include="Source Files\lzw">
      <UniqueIdentifier>{6781bd5b-8e85-4383-a684-ae055d5d2f14}</UniqueIdentifier>
    </Filter>
    <Filter Include="Source Files\pcf">
      <UniqueIdentifier>{2b81b3b6-4c78-4726-a510-6fa23dd07e90}</UniqueIdentifier>
    </Filter>
    <Filter Include="Source Files\pfr">
      <UniqueIdentifier>{3406f598-d9d4-4ccc-b266-ce53aa1d1b99}</UniqueIdentifier>
    </Filter>
    <Filter Include="Source Files\winfonts">
      <UniqueIdentifier>{06bd56f0-bfe1-443b-8233-e1eb33be1f20}</UniqueIdentifier>
    </Filter>
    <Filter Include="Source Files\truetype">
      <UniqueIdentifier>{75369c93-bb7c-4e59-8912-8b58d7054838}</UniqueIdentifier>
    </Filter>
    <Filter Include="Source Files\smooth">
      <UniqueIdentifier>{671e8880-45db-45a0-b083-9b2bbb75016f}</UniqueIdentifier>
    </Filter>
    <Filter Include="Source Files\sfnt">
      <UniqueIdentifier>{791012f4-91ea-4696-848c-d0e7eb13dbbc}</UniqueIdentifier>
    </Filter>
    <Filter Include="Source Files\raster">
      <UniqueIdentifier>{ce1e1786-c0c0-4060-84e4-1e1aa06f6248}</UniqueIdentifier>
    </Filter>
    <Filter Include="Source Files\pshinter">
      <UniqueIdentifier>{a848582f-8d6d-4f8a-a595-cf68b28eafcf}</UniqueIdentifier>
    </Filter>
    <Filter Include="Header Files\freetype">
      <UniqueIdentifier>{bb335931-e179-45c1-83d5-19a6b7581c08}</UniqueIdentifier>
    </Filter>
    <Filter Include="Header Files\freetype\config">
      <UniqueIdentifier>{24e19bea-1011-4bf3-89b8-68918233aad8}</UniqueIdentifier>
    </Filter>
    <Filter Include="Header Files\freetype\internal">
      <UniqueIdentifier>{2ccf28fc-badf-4c97-96d8-80e9eef991b1}</UniqueIdentifier>
    </Filter>
    <Filter Include="Source Files\cff">
      <UniqueIdentifier>{8d9778a5-006d-45a9-9389-90763250bbc5}</UniqueIdentifier>
    </Filter>
    <Filter Include="Source Files\type42">
      <UniqueIdentifier>{5424bdb2-9b60-4d5e-9ccc-9cd7cd18c2ad}</UniqueIdentifier>
    </Filter>
  </ItemGroup>
  <ItemGroup>
    <ClCompile Include="..\..\freetype\src\autofit\autofit.c">
      <Filter>Source Files\autofit</Filter>
    </ClCompile>
    <ClCompile Include="..\..\freetype\src\base\ftbase.c">
      <Filter>Source Files\base</Filter>
    </ClCompile>
    <ClCompile Include="..\..\freetype\src\base\ftbbox.c">
      <Filter>Source Files\base</Filter>
    </ClCompile>
    <ClCompile Include="..\..\freetype\src\base\ftbdf.c">
      <Filter>Source Files\base</Filter>
    </ClCompile>
    <ClCompile Include="..\..\freetype\src\base\ftbitmap.c">
      <Filter>Source Files\base</Filter>
    </ClCompile>
    <ClCompile Include="..\..\freetype\src\base\ftcid.c">
      <Filter>Source Files\base</Filter>
    </ClCompile>
    <ClCompile Include="..\..\freetype\src\base\ftfstype.c">
      <Filter>Source Files\base</Filter>
    </ClCompile>
    <ClCompile Include="..\..\freetype\src\base\ftgasp.c">
      <Filter>Source Files\base</Filter>
    </ClCompile>
    <ClCompile Include="..\..\freetype\src\base\ftglyph.c">
      <Filter>Source Files\base</Filter>
    </ClCompile>
    <ClCompile Include="..\..\freetype\src\base\ftgxval.c">
      <Filter>Source Files\base</Filter>
    </ClCompile>
    <ClCompile Include="..\..\freetype\src\base\ftinit.c">
      <Filter>Source Files\base</Filter>
    </ClCompile>
    <ClCompile Include="..\..\freetype\src\base\ftmm.c">
      <Filter>Source Files\base</Filter>
    </ClCompile>
    <ClCompile Include="..\..\freetype\src\base\ftotval.c">
      <Filter>Source Files\base</Filter>
    </ClCompile>
    <ClCompile Include="..\..\freetype\src\base\ftpatent.c">
      <Filter>Source Files\base</Filter>
    </ClCompile>
    <ClCompile Include="..\..\freetype\src\base\ftpfr.c">
      <Filter>Source Files\base</Filter>
    </ClCompile>
    <ClCompile Include="..\..\freetype\src\base\ftstroke.c">
      <Filter>Source Files\base</Filter>
    </ClCompile>
    <ClCompile Include="..\..\freetype\src\base\ftsynth.c">
      <Filter>Source Files\base</Filter>
    </ClCompile>
    <ClCompile Include="..\..\freetype\src\base\fttype1.c">
      <Filter>Source Files\base</Filter>
    </ClCompile>
    <ClCompile Include="..\..\freetype\src\base\ftwinfnt.c">
      <Filter>Source Files\base</Filter>
    </ClCompile>
    <ClCompile Include="..\..\freetype\src\bzip2\ftbzip2.c">
      <Filter>Source Files\bzip2</Filter>
    </ClCompile>
    <ClCompile Include="..\..\freetype\src\cache\ftcache.c">
      <Filter>Source Files\cache</Filter>
    </ClCompile>
    <ClCompile Include="..\..\freetype\src\gzip\ftgzip.c">
      <Filter>Source Files\gzip</Filter>
    </ClCompile>
    <ClCompile Include="..\..\freetype\src\lzw\ftlzw.c">
      <Filter>Source Files\lzw</Filter>
    </ClCompile>
    <ClCompile Include="..\..\freetype\src\pshinter\pshinter.c">
      <Filter>Source Files\pshinter</Filter>
    </ClCompile>
    <ClCompile Include="..\..\freetype\src\raster\raster.c">
      <Filter>Source Files\raster</Filter>
    </ClCompile>
    <ClCompile Include="..\..\freetype\src\sfnt\sfnt.c">
      <Filter>Source Files\sfnt</Filter>
    </ClCompile>
    <ClCompile Include="..\..\freetype\src\smooth\smooth.c">
      <Filter>Source Files\smooth</Filter>
    </ClCompile>
    <ClCompile Include="..\..\freetype\src\truetype\truetype.c">
      <Filter>Source Files\truetype</Filter>
    </ClCompile>
    <ClCompile Include="..\..\freetype\src\winfonts\winfnt.c">
      <Filter>Source Files\winfonts</Filter>
    </ClCompile>
    <ClCompile Include="..\..\freetype\src\pfr\pfr.c">
      <Filter>Source Files\pfr</Filter>
    </ClCompile>
    <ClCompile Include="..\..\freetype\src\pcf\pcf.c">
      <Filter>Source Files\pcf</Filter>
    </ClCompile>
    <ClCompile Include="..\..\freetype\builds\windows\ftdebug.c">
      <Filter>Source Files</Filter>
    </ClCompile>
    <ClCompile Include="..\..\freetype\src\cff\cff.c">
      <Filter>Source Files\cff</Filter>
    </ClCompile>
    <ClCompile Include="..\..\freetype\src\type42\type42.c">
      <Filter>Source Files\type42</Filter>
    </ClCompile>
    <ClCompile Include="..\..\freetype\src\type1\type1.c">
      <Filter>Source Files</Filter>
    </ClCompile>
    <ClCompile Include="..\..\freetype\src\psaux\psaux.c">
      <Filter>Source Files</Filter>
    </ClCompile>
    <ClCompile Include="..\..\freetype\src\psnames\psnames.c">
      <Filter>Source Files</Filter>
    </ClCompile>
    <ClCompile Include="..\..\freetype\src\bdf\bdf.c">
      <Filter>Source Files</Filter>
    </ClCompile>
    <ClCompile Include="..\..\freetype\src\cid\type1cid.c">
      <Filter>Source Files</Filter>
    </ClCompile>
  </ItemGroup>
  <ItemGroup>
    <ResourceCompile Include="..\..\freetype\src\base\ftver.rc">
      <Filter>Resource Files</Filter>
    </ResourceCompile>
  </ItemGroup>
  <ItemGroup>
    <ClInclude Include="..\..\freetype\include\ft2build.h">
      <Filter>Header Files</Filter>
    </ClInclude>
    <ClInclude Include="..\..\freetype\include\freetype\config\ftstdlib.h">
      <Filter>Header Files\freetype\config</Filter>
    </ClInclude>
    <ClInclude Include="..\..\freetype\include\freetype\config\ftconfig.h">
      <Filter>Header Files\freetype\config</Filter>
    </ClInclude>
    <ClInclude Include="..\..\freetype\include\freetype\config\ftheader.h">
      <Filter>Header Files\freetype\config</Filter>
    </ClInclude>
    <ClInclude Include="..\..\freetype\include\freetype\config\ftmodule.h">
      <Filter>Header Files\freetype\config</Filter>
    </ClInclude>
    <ClInclude Include="..\..\freetype\include\freetype\config\ftoption.h">
      <Filter>Header Files\freetype\config</Filter>
    </ClInclude>
    <ClInclude Include="..\..\freetype\include\freetype\internal\autohint.h">
      <Filter>Header Files\freetype\internal</Filter>
    </ClInclude>
    <ClInclude Include="..\..\freetype\include\freetype\internal\cffotypes.h">
      <Filter>Header Files\freetype\internal</Filter>
    </ClInclude>
    <ClInclude Include="..\..\freetype\include\freetype\internal\cfftypes.h">
      <Filter>Header Files\freetype\internal</Filter>
    </ClInclude>
    <ClInclude Include="..\..\freetype\include\freetype\internal\compiler-macros.h">
      <Filter>Header Files\freetype\internal</Filter>
    </ClInclude>
    <ClInclude Include="..\..\freetype\include\freetype\internal\ftcalc.h">
      <Filter>Header Files\freetype\internal</Filter>
    </ClInclude>
    <ClInclude Include="..\..\freetype\include\freetype\internal\ftdebug.h">
      <Filter>Header Files\freetype\internal</Filter>
    </ClInclude>
    <ClInclude Include="..\..\freetype\include\freetype\internal\ftdrv.h">
      <Filter>Header Files\freetype\internal</Filter>
    </ClInclude>
    <ClInclude Include="..\..\freetype\include\freetype\internal\ftgloadr.h">
      <Filter>Header Files\freetype\internal</Filter>
    </ClInclude>
    <ClInclude Include="..\..\freetype\include\freetype\internal\fthash.h">
      <Filter>Header Files\freetype\internal</Filter>
    </ClInclude>
    <ClInclude Include="..\..\freetype\include\freetype\internal\ftmemory.h">
      <Filter>Header Files\freetype\internal</Filter>
    </ClInclude>
    <ClInclude Include="..\..\freetype\include\freetype\internal\ftobjs.h">
      <Filter>Header Files\freetype\internal</Filter>
    </ClInclude>
    <ClInclude Include="..\..\freetype\include\freetype\internal\ftpsprop.h">
      <Filter>Header Files\freetype\internal</Filter>
    </ClInclude>
    <ClInclude Include="..\..\freetype\include\freetype\internal\ftrfork.h">
      <Filter>Header Files\freetype\internal</Filter>
    </ClInclude>
    <ClInclude Include="..\..\freetype\include\freetype\internal\ftserv.h">
      <Filter>Header Files\freetype\internal</Filter>
    </ClInclude>
    <ClInclude Include="..\..\freetype\include\freetype\internal\ftstream.h">
      <Filter>Header Files\freetype\internal</Filter>
    </ClInclude>
    <ClInclude Include="..\..\freetype\include\freetype\internal\fttrace.h">
      <Filter>Header Files\freetype\internal</Filter>
    </ClInclude>
    <ClInclude Include="..\..\freetype\include\freetype\internal\ftvalid.h">
      <Filter>Header Files\freetype\internal</Filter>
    </ClInclude>
    <ClInclude Include="..\..\freetype\include\freetype\internal\psaux.h">
      <Filter>Header Files\freetype\internal</Filter>
    </ClInclude>
    <ClInclude Include="..\..\freetype\include\freetype\internal\pshints.h">
      <Filter>Header Files\freetype\internal</Filter>
    </ClInclude>
    <ClInclude Include="..\..\freetype\include\freetype\internal\sfnt.h">
      <Filter>Header Files\freetype\internal</Filter>
    </ClInclude>
    <ClInclude Include="..\..\freetype\include\freetype\internal\t1types.h">
      <Filter>Header Files\freetype\internal</Filter>
    </ClInclude>
    <ClInclude Include="..\..\freetype\include\freetype\internal\tttypes.h">
      <Filter>Header Files\freetype\internal</Filter>
    </ClInclude>
    <ClInclude Include="..\..\freetype\include\freetype\internal\wofftypes.h">
      <Filter>Header Files\freetype\internal</Filter>
    </ClInclude>
    <ClInclude Include="..\..\freetype\include\freetype\freetype.h">
      <Filter>Header Files\freetype</Filter>
    </ClInclude>
    <ClInclude Include="..\..\freetype\include\freetype\ftadvanc.h">
      <Filter>Header Files\freetype</Filter>
    </ClInclude>
    <ClInclude Include="..\..\freetype\include\freetype\ftbbox.h">
      <Filter>Header Files\freetype</Filter>
    </ClInclude>
    <ClInclude Include="..\..\freetype\include\freetype\ftbdf.h">
      <Filter>Header Files\freetype</Filter>
    </ClInclude>
    <ClInclude Include="..\..\freetype\include\freetype\ftbitmap.h">
      <Filter>Header Files\freetype</Filter>
    </ClInclude>
    <ClInclude Include="..\..\freetype\include\freetype\ftbzip2.h">
      <Filter>Header Files\freetype</Filter>
    </ClInclude>
    <ClInclude Include="..\..\freetype\include\freetype\ftcache.h">
      <Filter>Header Files\freetype</Filter>
    </ClInclude>
    <ClInclude Include="..\..\freetype\include\freetype\ftchapters.h">
      <Filter>Header Files\freetype</Filter>
    </ClInclude>
    <ClInclude Include="..\..\freetype\include\freetype\ftcid.h">
      <Filter>Header Files\freetype</Filter>
    </ClInclude>
    <ClInclude Include="..\..\freetype\include\freetype\ftcolor.h">
      <Filter>Header Files\freetype</Filter>
    </ClInclude>
    <ClInclude Include="..\..\freetype\include\freetype\ftdriver.h">
      <Filter>Header Files\freetype</Filter>
    </ClInclude>
    <ClInclude Include="..\..\freetype\include\freetype\fterrdef.h">
      <Filter>Header Files\freetype</Filter>
    </ClInclude>
    <ClInclude Include="..\..\freetype\include\freetype\fterrors.h">
      <Filter>Header Files\freetype</Filter>
    </ClInclude>
    <ClInclude Include="..\..\freetype\include\freetype\ftfntfmt.h">
      <Filter>Header Files\freetype</Filter>
    </ClInclude>
    <ClInclude Include="..\..\freetype\include\freetype\ftgasp.h">
      <Filter>Header Files\freetype</Filter>
    </ClInclude>
    <ClInclude Include="..\..\freetype\include\freetype\ftglyph.h">
      <Filter>Header Files\freetype</Filter>
    </ClInclude>
    <ClInclude Include="..\..\freetype\include\freetype\ftgxval.h">
      <Filter>Header Files\freetype</Filter>
    </ClInclude>
    <ClInclude Include="..\..\freetype\include\freetype\ftgzip.h">
      <Filter>Header Files\freetype</Filter>
    </ClInclude>
    <ClInclude Include="..\..\freetype\include\freetype\ftimage.h">
      <Filter>Header Files\freetype</Filter>
    </ClInclude>
    <ClInclude Include="..\..\freetype\include\freetype\ftincrem.h">
      <Filter>Header Files\freetype</Filter>
    </ClInclude>
    <ClInclude Include="..\..\freetype\include\freetype\ftlcdfil.h">
      <Filter>Header Files\freetype</Filter>
    </ClInclude>
    <ClInclude Include="..\..\freetype\include\freetype\ftlist.h">
      <Filter>Header Files\freetype</Filter>
    </ClInclude>
    <ClInclude Include="..\..\freetype\include\freetype\ftlzw.h">
      <Filter>Header Files\freetype</Filter>
    </ClInclude>
    <ClInclude Include="..\..\freetype\include\freetype\ftmac.h">
      <Filter>Header Files\freetype</Filter>
    </ClInclude>
    <ClInclude Include="..\..\freetype\include\freetype\ftmm.h">
      <Filter>Header Files\freetype</Filter>
    </ClInclude>
    <ClInclude Include="..\..\freetype\include\freetype\ftmodapi.h">
      <Filter>Header Files\freetype</Filter>
    </ClInclude>
    <ClInclude Include="..\..\freetype\include\freetype\ftmoderr.h">
      <Filter>Header Files\freetype</Filter>
    </ClInclude>
    <ClInclude Include="..\..\freetype\include\freetype\ftotval.h">
      <Filter>Header Files\freetype</Filter>
    </ClInclude>
    <ClInclude Include="..\..\freetype\include\freetype\ftoutln.h">
      <Filter>Header Files\freetype</Filter>
    </ClInclude>
    <ClInclude Include="..\..\freetype\include\freetype\ftparams.h">
      <Filter>Header Files\freetype</Filter>
    </ClInclude>
    <ClInclude Include="..\..\freetype\include\freetype\ftpfr.h">
      <Filter>Header Files\freetype</Filter>
    </ClInclude>
    <ClInclude Include="..\..\freetype\include\freetype\ftrender.h">
      <Filter>Header Files\freetype</Filter>
    </ClInclude>
    <ClInclude Include="..\..\freetype\include\freetype\ftsizes.h">
      <Filter>Header Files\freetype</Filter>
    </ClInclude>
    <ClInclude Include="..\..\freetype\include\freetype\ftsnames.h">
      <Filter>Header Files\freetype</Filter>
    </ClInclude>
    <ClInclude Include="..\..\freetype\include\freetype\ftstroke.h">
      <Filter>Header Files\freetype</Filter>
    </ClInclude>
    <ClInclude Include="..\..\freetype\include\freetype\ftsynth.h">
      <Filter>Header Files\freetype</Filter>
    </ClInclude>
    <ClInclude Include="..\..\freetype\include\freetype\ftsystem.h">
      <Filter>Header Files\freetype</Filter>
    </ClInclude>
    <ClInclude Include="..\..\freetype\include\freetype\fttrigon.h">
      <Filter>Header Files\freetype</Filter>
    </ClInclude>
    <ClInclude Include="..\..\freetype\include\freetype\fttypes.h">
      <Filter>Header Files\freetype</Filter>
    </ClInclude>
    <ClInclude Include="..\..\freetype\include\freetype\ftwinfnt.h">
      <Filter>Header Files\freetype</Filter>
    </ClInclude>
    <ClInclude Include="..\..\freetype\include\freetype\t1tables.h">
      <Filter>Header Files\freetype</Filter>
    </ClInclude>
    <ClInclude Include="..\..\freetype\include\freetype\ttnameid.h">
      <Filter>Header Files\freetype</Filter>
    </ClInclude>
    <ClInclude Include="..\..\freetype\include\freetype\tttables.h">
      <Filter>Header Files\freetype</Filter>
    </ClInclude>
    <ClInclude Include="..\..\freetype\include\freetype\tttags.h">
      <Filter>Header Files\freetype</Filter>
    </ClInclude>
  </ItemGroup>
</Project>